// !$*UTF8*$!
{
	archiveVersion = 1;
	classes = {
	};
	objectVersion = 50;
	objects = {

/* Begin PBXBuildFile section */
		8090650026F653B600FC6E2F /* AppDelegate.swift in Sources */ = {isa = PBXBuildFile; fileRef = 809064FF26F653B600FC6E2F /* AppDelegate.swift */; };
		8090650226F653B600FC6E2F /* SceneDelegate.swift in Sources */ = {isa = PBXBuildFile; fileRef = 8090650126F653B600FC6E2F /* SceneDelegate.swift */; };
		8090650426F653B600FC6E2F /* ViewController.swift in Sources */ = {isa = PBXBuildFile; fileRef = 8090650326F653B600FC6E2F /* ViewController.swift */; };
		8090650726F653B600FC6E2F /* Main.storyboard in Resources */ = {isa = PBXBuildFile; fileRef = 8090650526F653B600FC6E2F /* Main.storyboard */; };
		8090650926F653B800FC6E2F /* Assets.xcassets in Resources */ = {isa = PBXBuildFile; fileRef = 8090650826F653B800FC6E2F /* Assets.xcassets */; };
		8090650C26F653B800FC6E2F /* LaunchScreen.storyboard in Resources */ = {isa = PBXBuildFile; fileRef = 8090650A26F653B800FC6E2F /* LaunchScreen.storyboard */; };
		8090651726F653B800FC6E2F /* example_projectTests.swift in Sources */ = {isa = PBXBuildFile; fileRef = 8090651626F653B800FC6E2F /* example_projectTests.swift */; };
		8090652226F653B800FC6E2F /* example_projectUITests.swift in Sources */ = {isa = PBXBuildFile; fileRef = 8090652126F653B800FC6E2F /* example_projectUITests.swift */; };
/* End PBXBuildFile section */

/* Begin PBXContainerItemProxy section */
		8090651326F653B800FC6E2F /* PBXContainerItemProxy */ = {
			isa = PBXContainerItemProxy;
			containerPortal = 809064F426F653B600FC6E2F /* Project object */;
			proxyType = 1;
			remoteGlobalIDString = 809064FB26F653B600FC6E2F;
			remoteInfo = "example-project";
		};
		8090651E26F653B800FC6E2F /* PBXContainerItemProxy */ = {
			isa = PBXContainerItemProxy;
			containerPortal = 809064F426F653B600FC6E2F /* Project object */;
			proxyType = 1;
			remoteGlobalIDString = 809064FB26F653B600FC6E2F;
			remoteInfo = "example-project";
		};
/* End PBXContainerItemProxy section */

/* Begin PBXFileReference section */
		809064FC26F653B600FC6E2F /* example-project.app */ = {isa = PBXFileReference; explicitFileType = wrapper.application; includeInIndex = 0; path = "example-project.app"; sourceTree = BUILT_PRODUCTS_DIR; };
		809064FF26F653B600FC6E2F /* AppDelegate.swift */ = {isa = PBXFileReference; lastKnownFileType = sourcecode.swift; path = AppDelegate.swift; sourceTree = "<group>"; };
		8090650126F653B600FC6E2F /* SceneDelegate.swift */ = {isa = PBXFileReference; lastKnownFileType = sourcecode.swift; path = SceneDelegate.swift; sourceTree = "<group>"; };
		8090650326F653B600FC6E2F /* ViewController.swift */ = {isa = PBXFileReference; lastKnownFileType = sourcecode.swift; path = ViewController.swift; sourceTree = "<group>"; };
		8090650626F653B600FC6E2F /* Base */ = {isa = PBXFileReference; lastKnownFileType = file.storyboard; name = Base; path = Base.lproj/Main.storyboard; sourceTree = "<group>"; };
		8090650826F653B800FC6E2F /* Assets.xcassets */ = {isa = PBXFileReference; lastKnownFileType = folder.assetcatalog; path = Assets.xcassets; sourceTree = "<group>"; };
		8090650B26F653B800FC6E2F /* Base */ = {isa = PBXFileReference; lastKnownFileType = file.storyboard; name = Base; path = Base.lproj/LaunchScreen.storyboard; sourceTree = "<group>"; };
		8090650D26F653B800FC6E2F /* Info.plist */ = {isa = PBXFileReference; lastKnownFileType = text.plist.xml; path = Info.plist; sourceTree = "<group>"; };
		8090651226F653B800FC6E2F /* example-projectTests.xctest */ = {isa = PBXFileReference; explicitFileType = wrapper.cfbundle; includeInIndex = 0; path = "example-projectTests.xctest"; sourceTree = BUILT_PRODUCTS_DIR; };
		8090651626F653B800FC6E2F /* example_projectTests.swift */ = {isa = PBXFileReference; lastKnownFileType = sourcecode.swift; path = example_projectTests.swift; sourceTree = "<group>"; };
		8090651826F653B800FC6E2F /* Info.plist */ = {isa = PBXFileReference; lastKnownFileType = text.plist.xml; path = Info.plist; sourceTree = "<group>"; };
		8090651D26F653B800FC6E2F /* example-projectUITests.xctest */ = {isa = PBXFileReference; explicitFileType = wrapper.cfbundle; includeInIndex = 0; path = "example-projectUITests.xctest"; sourceTree = BUILT_PRODUCTS_DIR; };
		8090652126F653B800FC6E2F /* example_projectUITests.swift */ = {isa = PBXFileReference; lastKnownFileType = sourcecode.swift; path = example_projectUITests.swift; sourceTree = "<group>"; };
		8090652326F653B800FC6E2F /* Info.plist */ = {isa = PBXFileReference; lastKnownFileType = text.plist.xml; path = Info.plist; sourceTree = "<group>"; };
/* End PBXFileReference section */

/* Begin PBXFrameworksBuildPhase section */
		809064F926F653B600FC6E2F /* Frameworks */ = {
			isa = PBXFrameworksBuildPhase;
			buildActionMask = 2147483647;
			files = (
			);
			runOnlyForDeploymentPostprocessing = 0;
		};
		8090650F26F653B800FC6E2F /* Frameworks */ = {
			isa = PBXFrameworksBuildPhase;
			buildActionMask = 2147483647;
			files = (
			);
			runOnlyForDeploymentPostprocessing = 0;
		};
		8090651A26F653B800FC6E2F /* Frameworks */ = {
			isa = PBXFrameworksBuildPhase;
			buildActionMask = 2147483647;
			files = (
			);
			runOnlyForDeploymentPostprocessing = 0;
		};
/* End PBXFrameworksBuildPhase section */

/* Begin PBXGroup section */
		809064F326F653B600FC6E2F = {
			isa = PBXGroup;
			children = (
				809064FE26F653B600FC6E2F /* example-project */,
				8090651526F653B800FC6E2F /* example-projectTests */,
				8090652026F653B800FC6E2F /* example-projectUITests */,
				809064FD26F653B600FC6E2F /* Products */,
			);
			sourceTree = "<group>";
		};
		809064FD26F653B600FC6E2F /* Products */ = {
			isa = PBXGroup;
			children = (
				809064FC26F653B600FC6E2F /* example-project.app */,
				8090651226F653B800FC6E2F /* example-projectTests.xctest */,
				8090651D26F653B800FC6E2F /* example-projectUITests.xctest */,
			);
			name = Products;
			sourceTree = "<group>";
		};
		809064FE26F653B600FC6E2F /* example-project */ = {
			isa = PBXGroup;
			children = (
				809064FF26F653B600FC6E2F /* AppDelegate.swift */,
				8090650126F653B600FC6E2F /* SceneDelegate.swift */,
				8090650326F653B600FC6E2F /* ViewController.swift */,
				8090650526F653B600FC6E2F /* Main.storyboard */,
				8090650826F653B800FC6E2F /* Assets.xcassets */,
				8090650A26F653B800FC6E2F /* LaunchScreen.storyboard */,
				8090650D26F653B800FC6E2F /* Info.plist */,
			);
			path = "example-project";
			sourceTree = "<group>";
		};
		8090651526F653B800FC6E2F /* example-projectTests */ = {
			isa = PBXGroup;
			children = (
				8090651626F653B800FC6E2F /* example_projectTests.swift */,
				8090651826F653B800FC6E2F /* Info.plist */,
			);
			path = "example-projectTests";
			sourceTree = "<group>";
		};
		8090652026F653B800FC6E2F /* example-projectUITests */ = {
			isa = PBXGroup;
			children = (
				8090652126F653B800FC6E2F /* example_projectUITests.swift */,
				8090652326F653B800FC6E2F /* Info.plist */,
			);
			path = "example-projectUITests";
			sourceTree = "<group>";
		};
/* End PBXGroup section */

/* Begin PBXNativeTarget section */
		809064FB26F653B600FC6E2F /* example-project */ = {
			isa = PBXNativeTarget;
			buildConfigurationList = 8090652626F653B800FC6E2F /* Build configuration list for PBXNativeTarget "example-project" */;
			buildPhases = (
				809064F826F653B600FC6E2F /* Sources */,
				809064F926F653B600FC6E2F /* Frameworks */,
				809064FA26F653B600FC6E2F /* Resources */,
			);
			buildRules = (
			);
			dependencies = (
			);
			name = "example-project";
			productName = "example-project";
			productReference = 809064FC26F653B600FC6E2F /* example-project.app */;
			productType = "com.apple.product-type.application";
		};
		8090651126F653B800FC6E2F /* example-projectTests */ = {
			isa = PBXNativeTarget;
			buildConfigurationList = 8090652926F653B800FC6E2F /* Build configuration list for PBXNativeTarget "example-projectTests" */;
			buildPhases = (
				8090650E26F653B800FC6E2F /* Sources */,
				8090650F26F653B800FC6E2F /* Frameworks */,
				8090651026F653B800FC6E2F /* Resources */,
			);
			buildRules = (
			);
			dependencies = (
				8090651426F653B800FC6E2F /* PBXTargetDependency */,
			);
			name = "example-projectTests";
			productName = "example-projectTests";
			productReference = 8090651226F653B800FC6E2F /* example-projectTests.xctest */;
			productType = "com.apple.product-type.bundle.unit-test";
		};
		8090651C26F653B800FC6E2F /* example-projectUITests */ = {
			isa = PBXNativeTarget;
			buildConfigurationList = 8090652C26F653B800FC6E2F /* Build configuration list for PBXNativeTarget "example-projectUITests" */;
			buildPhases = (
				8090651926F653B800FC6E2F /* Sources */,
				8090651A26F653B800FC6E2F /* Frameworks */,
				8090651B26F653B800FC6E2F /* Resources */,
			);
			buildRules = (
			);
			dependencies = (
				8090651F26F653B800FC6E2F /* PBXTargetDependency */,
			);
			name = "example-projectUITests";
			productName = "example-projectUITests";
			productReference = 8090651D26F653B800FC6E2F /* example-projectUITests.xctest */;
			productType = "com.apple.product-type.bundle.ui-testing";
		};
/* End PBXNativeTarget section */

/* Begin PBXProject section */
		809064F426F653B600FC6E2F /* Project object */ = {
			isa = PBXProject;
			attributes = {
				LastSwiftUpdateCheck = 1250;
				LastUpgradeCheck = 1250;
				TargetAttributes = {
					809064FB26F653B600FC6E2F = {
						CreatedOnToolsVersion = 12.5.1;
					};
					8090651126F653B800FC6E2F = {
						CreatedOnToolsVersion = 12.5.1;
						TestTargetID = 809064FB26F653B600FC6E2F;
					};
					8090651C26F653B800FC6E2F = {
						CreatedOnToolsVersion = 12.5.1;
						TestTargetID = 809064FB26F653B600FC6E2F;
					};
				};
			};
			buildConfigurationList = 809064F726F653B600FC6E2F /* Build configuration list for PBXProject "example-project" */;
			compatibilityVersion = "Xcode 9.3";
			developmentRegion = en;
			hasScannedForEncodings = 0;
			knownRegions = (
				en,
				Base,
			);
			mainGroup = 809064F326F653B600FC6E2F;
			productRefGroup = 809064FD26F653B600FC6E2F /* Products */;
			projectDirPath = "";
			projectRoot = "";
			targets = (
				809064FB26F653B600FC6E2F /* example-project */,
				8090651126F653B800FC6E2F /* example-projectTests */,
				8090651C26F653B800FC6E2F /* example-projectUITests */,
			);
		};
/* End PBXProject section */

/* Begin PBXResourcesBuildPhase section */
		809064FA26F653B600FC6E2F /* Resources */ = {
			isa = PBXResourcesBuildPhase;
			buildActionMask = 2147483647;
			files = (
				8090650C26F653B800FC6E2F /* LaunchScreen.storyboard in Resources */,
				8090650926F653B800FC6E2F /* Assets.xcassets in Resources */,
				8090650726F653B600FC6E2F /* Main.storyboard in Resources */,
			);
			runOnlyForDeploymentPostprocessing = 0;
		};
		8090651026F653B800FC6E2F /* Resources */ = {
			isa = PBXResourcesBuildPhase;
			buildActionMask = 2147483647;
			files = (
			);
			runOnlyForDeploymentPostprocessing = 0;
		};
		8090651B26F653B800FC6E2F /* Resources */ = {
			isa = PBXResourcesBuildPhase;
			buildActionMask = 2147483647;
			files = (
			);
			runOnlyForDeploymentPostprocessing = 0;
		};
/* End PBXResourcesBuildPhase section */

/* Begin PBXSourcesBuildPhase section */
		809064F826F653B600FC6E2F /* Sources */ = {
			isa = PBXSourcesBuildPhase;
			buildActionMask = 2147483647;
			files = (
				8090650426F653B600FC6E2F /* ViewController.swift in Sources */,
				8090650026F653B600FC6E2F /* AppDelegate.swift in Sources */,
				8090650226F653B600FC6E2F /* SceneDelegate.swift in Sources */,
			);
			runOnlyForDeploymentPostprocessing = 0;
		};
		8090650E26F653B800FC6E2F /* Sources */ = {
			isa = PBXSourcesBuildPhase;
			buildActionMask = 2147483647;
			files = (
				8090651726F653B800FC6E2F /* example_projectTests.swift in Sources */,
			);
			runOnlyForDeploymentPostprocessing = 0;
		};
		8090651926F653B800FC6E2F /* Sources */ = {
			isa = PBXSourcesBuildPhase;
			buildActionMask = 2147483647;
			files = (
				8090652226F653B800FC6E2F /* example_projectUITests.swift in Sources */,
			);
			runOnlyForDeploymentPostprocessing = 0;
		};
/* End PBXSourcesBuildPhase section */

/* Begin PBXTargetDependency section */
		8090651426F653B800FC6E2F /* PBXTargetDependency */ = {
			isa = PBXTargetDependency;
			target = 809064FB26F653B600FC6E2F /* example-project */;
			targetProxy = 8090651326F653B800FC6E2F /* PBXContainerItemProxy */;
		};
		8090651F26F653B800FC6E2F /* PBXTargetDependency */ = {
			isa = PBXTargetDependency;
			target = 809064FB26F653B600FC6E2F /* example-project */;
			targetProxy = 8090651E26F653B800FC6E2F /* PBXContainerItemProxy */;
		};
/* End PBXTargetDependency section */

/* Begin PBXVariantGroup section */
		8090650526F653B600FC6E2F /* Main.storyboard */ = {
			isa = PBXVariantGroup;
			children = (
				8090650626F653B600FC6E2F /* Base */,
			);
			name = Main.storyboard;
			sourceTree = "<group>";
		};
		8090650A26F653B800FC6E2F /* LaunchScreen.storyboard */ = {
			isa = PBXVariantGroup;
			children = (
				8090650B26F653B800FC6E2F /* Base */,
			);
			name = LaunchScreen.storyboard;
			sourceTree = "<group>";
		};
/* End PBXVariantGroup section */

/* Begin XCBuildConfiguration section */
		8090652426F653B800FC6E2F /* Debug */ = {
			isa = XCBuildConfiguration;
			buildSettings = {
				ALWAYS_SEARCH_USER_PATHS = NO;
				CLANG_ANALYZER_NONNULL = YES;
				CLANG_ANALYZER_NUMBER_OBJECT_CONVERSION = YES_AGGRESSIVE;
				CLANG_CXX_LANGUAGE_STANDARD = "gnu++14";
				CLANG_CXX_LIBRARY = "libc++";
				CLANG_ENABLE_MODULES = YES;
				CLANG_ENABLE_OBJC_ARC = YES;
				CLANG_ENABLE_OBJC_WEAK = YES;
				CLANG_WARN_BLOCK_CAPTURE_AUTORELEASING = YES;
				CLANG_WARN_BOOL_CONVERSION = YES;
				CLANG_WARN_COMMA = YES;
				CLANG_WARN_CONSTANT_CONVERSION = YES;
				CLANG_WARN_DEPRECATED_OBJC_IMPLEMENTATIONS = YES;
				CLANG_WARN_DIRECT_OBJC_ISA_USAGE = YES_ERROR;
				CLANG_WARN_DOCUMENTATION_COMMENTS = YES;
				CLANG_WARN_EMPTY_BODY = YES;
				CLANG_WARN_ENUM_CONVERSION = YES;
				CLANG_WARN_INFINITE_RECURSION = YES;
				CLANG_WARN_INT_CONVERSION = YES;
				CLANG_WARN_NON_LITERAL_NULL_CONVERSION = YES;
				CLANG_WARN_OBJC_IMPLICIT_RETAIN_SELF = YES;
				CLANG_WARN_OBJC_LITERAL_CONVERSION = YES;
				CLANG_WARN_OBJC_ROOT_CLASS = YES_ERROR;
				CLANG_WARN_QUOTED_INCLUDE_IN_FRAMEWORK_HEADER = YES;
				CLANG_WARN_RANGE_LOOP_ANALYSIS = YES;
				CLANG_WARN_STRICT_PROTOTYPES = YES;
				CLANG_WARN_SUSPICIOUS_MOVE = YES;
				CLANG_WARN_UNGUARDED_AVAILABILITY = YES_AGGRESSIVE;
				CLANG_WARN_UNREACHABLE_CODE = YES;
				CLANG_WARN__DUPLICATE_METHOD_MATCH = YES;
				COPY_PHASE_STRIP = NO;
				DEBUG_INFORMATION_FORMAT = dwarf;
				ENABLE_STRICT_OBJC_MSGSEND = YES;
				ENABLE_TESTABILITY = YES;
				GCC_C_LANGUAGE_STANDARD = gnu11;
				GCC_DYNAMIC_NO_PIC = NO;
				GCC_NO_COMMON_BLOCKS = YES;
				GCC_OPTIMIZATION_LEVEL = 0;
				GCC_PREPROCESSOR_DEFINITIONS = (
					"DEBUG=1",
					"$(inherited)",
				);
				GCC_WARN_64_TO_32_BIT_CONVERSION = YES;
				GCC_WARN_ABOUT_RETURN_TYPE = YES_ERROR;
				GCC_WARN_UNDECLARED_SELECTOR = YES;
				GCC_WARN_UNINITIALIZED_AUTOS = YES_AGGRESSIVE;
				GCC_WARN_UNUSED_FUNCTION = YES;
				GCC_WARN_UNUSED_VARIABLE = YES;
				IPHONEOS_DEPLOYMENT_TARGET = 14.5;
				MTL_ENABLE_DEBUG_INFO = INCLUDE_SOURCE;
				MTL_FAST_MATH = YES;
				ONLY_ACTIVE_ARCH = YES;
				SDKROOT = iphoneos;
				SWIFT_ACTIVE_COMPILATION_CONDITIONS = DEBUG;
				SWIFT_OPTIMIZATION_LEVEL = "-Onone";
			};
			name = Debug;
		};
		8090652526F653B800FC6E2F /* Release */ = {
			isa = XCBuildConfiguration;
			buildSettings = {
				ALWAYS_SEARCH_USER_PATHS = NO;
				CLANG_ANALYZER_NONNULL = YES;
				CLANG_ANALYZER_NUMBER_OBJECT_CONVERSION = YES_AGGRESSIVE;
				CLANG_CXX_LANGUAGE_STANDARD = "gnu++14";
				CLANG_CXX_LIBRARY = "libc++";
				CLANG_ENABLE_MODULES = YES;
				CLANG_ENABLE_OBJC_ARC = YES;
				CLANG_ENABLE_OBJC_WEAK = YES;
				CLANG_WARN_BLOCK_CAPTURE_AUTORELEASING = YES;
				CLANG_WARN_BOOL_CONVERSION = YES;
				CLANG_WARN_COMMA = YES;
				CLANG_WARN_CONSTANT_CONVERSION = YES;
				CLANG_WARN_DEPRECATED_OBJC_IMPLEMENTATIONS = YES;
				CLANG_WARN_DIRECT_OBJC_ISA_USAGE = YES_ERROR;
				CLANG_WARN_DOCUMENTATION_COMMENTS = YES;
				CLANG_WARN_EMPTY_BODY = YES;
				CLANG_WARN_ENUM_CONVERSION = YES;
				CLANG_WARN_INFINITE_RECURSION = YES;
				CLANG_WARN_INT_CONVERSION = YES;
				CLANG_WARN_NON_LITERAL_NULL_CONVERSION = YES;
				CLANG_WARN_OBJC_IMPLICIT_RETAIN_SELF = YES;
				CLANG_WARN_OBJC_LITERAL_CONVERSION = YES;
				CLANG_WARN_OBJC_ROOT_CLASS = YES_ERROR;
				CLANG_WARN_QUOTED_INCLUDE_IN_FRAMEWORK_HEADER = YES;
				CLANG_WARN_RANGE_LOOP_ANALYSIS = YES;
				CLANG_WARN_STRICT_PROTOTYPES = YES;
				CLANG_WARN_SUSPICIOUS_MOVE = YES;
				CLANG_WARN_UNGUARDED_AVAILABILITY = YES_AGGRESSIVE;
				CLANG_WARN_UNREACHABLE_CODE = YES;
				CLANG_WARN__DUPLICATE_METHOD_MATCH = YES;
				COPY_PHASE_STRIP = NO;
				DEBUG_INFORMATION_FORMAT = "dwarf-with-dsym";
				ENABLE_NS_ASSERTIONS = NO;
				ENABLE_STRICT_OBJC_MSGSEND = YES;
				GCC_C_LANGUAGE_STANDARD = gnu11;
				GCC_NO_COMMON_BLOCKS = YES;
				GCC_WARN_64_TO_32_BIT_CONVERSION = YES;
				GCC_WARN_ABOUT_RETURN_TYPE = YES_ERROR;
				GCC_WARN_UNDECLARED_SELECTOR = YES;
				GCC_WARN_UNINITIALIZED_AUTOS = YES_AGGRESSIVE;
				GCC_WARN_UNUSED_FUNCTION = YES;
				GCC_WARN_UNUSED_VARIABLE = YES;
				IPHONEOS_DEPLOYMENT_TARGET = 14.5;
				MTL_ENABLE_DEBUG_INFO = NO;
				MTL_FAST_MATH = YES;
				SDKROOT = iphoneos;
				SWIFT_COMPILATION_MODE = wholemodule;
				SWIFT_OPTIMIZATION_LEVEL = "-O";
				VALIDATE_PRODUCT = YES;
			};
			name = Release;
		};
		8090652726F653B800FC6E2F /* Debug */ = {
			isa = XCBuildConfiguration;
			buildSettings = {
				ASSETCATALOG_COMPILER_APPICON_NAME = AppIcon;
				ASSETCATALOG_COMPILER_GLOBAL_ACCENT_COLOR_NAME = AccentColor;
				CODE_SIGN_STYLE = Automatic;
				INFOPLIST_FILE = "example-project/Info.plist";
				LD_RUNPATH_SEARCH_PATHS = (
					"$(inherited)",
					"@executable_path/Frameworks",
				);
				PRODUCT_BUNDLE_IDENTIFIER = "com.aramis.dev.example-project";
				PRODUCT_NAME = "$(TARGET_NAME)";
				SWIFT_VERSION = 5.0;
				TARGETED_DEVICE_FAMILY = "1,2";
			};
			name = Debug;
		};
		8090652826F653B800FC6E2F /* Release */ = {
			isa = XCBuildConfiguration;
			buildSettings = {
				ASSETCATALOG_COMPILER_APPICON_NAME = AppIcon;
				ASSETCATALOG_COMPILER_GLOBAL_ACCENT_COLOR_NAME = AccentColor;
				CODE_SIGN_STYLE = Automatic;
				INFOPLIST_FILE = "example-project/Info.plist";
				LD_RUNPATH_SEARCH_PATHS = (
					"$(inherited)",
					"@executable_path/Frameworks",
				);
				PRODUCT_BUNDLE_IDENTIFIER = "com.aramis.dev.example-project";
				PRODUCT_NAME = "$(TARGET_NAME)";
				SWIFT_VERSION = 5.0;
				TARGETED_DEVICE_FAMILY = "1,2";
			};
			name = Release;
		};
		8090652A26F653B800FC6E2F /* Debug */ = {
			isa = XCBuildConfiguration;
			buildSettings = {
				ALWAYS_EMBED_SWIFT_STANDARD_LIBRARIES = YES;
				BUNDLE_LOADER = "$(TEST_HOST)";
				CODE_SIGN_STYLE = Automatic;
				INFOPLIST_FILE = "example-projectTests/Info.plist";
				IPHONEOS_DEPLOYMENT_TARGET = 14.5;
				LD_RUNPATH_SEARCH_PATHS = (
					"$(inherited)",
					"@executable_path/Frameworks",
					"@loader_path/Frameworks",
				);
				PRODUCT_BUNDLE_IDENTIFIER = "com.aramis.dev.example-projectTests";
				PRODUCT_NAME = "$(TARGET_NAME)";
				SWIFT_VERSION = 5.0;
				TARGETED_DEVICE_FAMILY = "1,2";
				TEST_HOST = "$(BUILT_PRODUCTS_DIR)/example-project.app/example-project";
			};
			name = Debug;
		};
		8090652B26F653B800FC6E2F /* Release */ = {
			isa = XCBuildConfiguration;
			buildSettings = {
				ALWAYS_EMBED_SWIFT_STANDARD_LIBRARIES = YES;
				BUNDLE_LOADER = "$(TEST_HOST)";
				CODE_SIGN_STYLE = Automatic;
				INFOPLIST_FILE = "example-projectTests/Info.plist";
				IPHONEOS_DEPLOYMENT_TARGET = 14.5;
				LD_RUNPATH_SEARCH_PATHS = (
					"$(inherited)",
					"@executable_path/Frameworks",
					"@loader_path/Frameworks",
				);
				PRODUCT_BUNDLE_IDENTIFIER = "com.aramis.dev.example-projectTests";
				PRODUCT_NAME = "$(TARGET_NAME)";
				SWIFT_VERSION = 5.0;
				TARGETED_DEVICE_FAMILY = "1,2";
				TEST_HOST = "$(BUILT_PRODUCTS_DIR)/example-project.app/example-project";
			};
			name = Release;
		};
		8090652D26F653B800FC6E2F /* Debug */ = {
			isa = XCBuildConfiguration;
			buildSettings = {
				ALWAYS_EMBED_SWIFT_STANDARD_LIBRARIES = YES;
				CODE_SIGN_STYLE = Automatic;
				INFOPLIST_FILE = "example-projectUITests/Info.plist";
				LD_RUNPATH_SEARCH_PATHS = (
					"$(inherited)",
					"@executable_path/Frameworks",
					"@loader_path/Frameworks",
				);
				PRODUCT_BUNDLE_IDENTIFIER = "com.aramis.dev.example-projectUITests";
				PRODUCT_NAME = "$(TARGET_NAME)";
				SWIFT_VERSION = 5.0;
				TARGETED_DEVICE_FAMILY = "1,2";
				TEST_TARGET_NAME = "example-project";
			};
			name = Debug;
		};
		8090652E26F653B800FC6E2F /* Release */ = {
			isa = XCBuildConfiguration;
			buildSettings = {
				ALWAYS_EMBED_SWIFT_STANDARD_LIBRARIES = YES;
				CODE_SIGN_STYLE = Automatic;
				INFOPLIST_FILE = "example-projectUITests/Info.plist";
				LD_RUNPATH_SEARCH_PATHS = (
					"$(inherited)",
					"@executable_path/Frameworks",
					"@loader_path/Frameworks",
				);
				PRODUCT_BUNDLE_IDENTIFIER = "com.aramis.dev.example-projectUITests";
				PRODUCT_NAME = "$(TARGET_NAME)";
				SWIFT_VERSION = 5.0;
				TARGETED_DEVICE_FAMILY = "1,2";
				TEST_TARGET_NAME = "example-project";
			};
			name = Release;
		};
/* End XCBuildConfiguration section */

/* Begin XCConfigurationList section */
		809064F726F653B600FC6E2F /* Build configuration list for PBXProject "example-project" */ = {
			isa = XCConfigurationList;
			buildConfigurations = (
				8090652426F653B800FC6E2F /* Debug */,
				8090652526F653B800FC6E2F /* Release */,
			);
			defaultConfigurationIsVisible = 0;
			defaultConfigurationName = Release;
		};
		8090652626F653B800FC6E2F /* Build configuration list for PBXNativeTarget "example-project" */ = {
			isa = XCConfigurationList;
			buildConfigurations = (
				8090652726F653B800FC6E2F /* Debug */,
				8090652826F653B800FC6E2F /* Release */,
			);
			defaultConfigurationIsVisible = 0;
			defaultConfigurationName = Release;
		};
		8090652926F653B800FC6E2F /* Build configuration list for PBXNativeTarget "example-projectTests" */ = {
			isa = XCConfigurationList;
			buildConfigurations = (
				8090652A26F653B800FC6E2F /* Debug */,
				8090652B26F653B800FC6E2F /* Release */,
			);
			defaultConfigurationIsVisible = 0;
			defaultConfigurationName = Release;
		};
		8090652C26F653B800FC6E2F /* Build configuration list for PBXNativeTarget "example-projectUITests" */ = {
			isa = XCConfigurationList;
			buildConfigurations = (
				8090652D26F653B800FC6E2F /* Debug */,
				8090652E26F653B800FC6E2F /* Release */,
			);
			defaultConfigurationIsVisible = 0;
			defaultConfigurationName = Release;
		};
/* End XCConfigurationList section */
	};
	rootObject = 809064F426F653B600FC6E2F /* Project object */;
}
